// !$*UTF8*$!
{
	archiveVersion = 1;
	classes = {
	};
	objectVersion = 46;
	objects = {

/* Begin PBXBuildFile section */
		A50B84801AD96D1F001A26AF /* main.cpp in Sources */ = {isa = PBXBuildFile; fileRef = A50B847F1AD96D1F001A26AF /* main.cpp */; };
/* End PBXBuildFile section */

/* Begin PBXCopyFilesBuildPhase section */
		A50B847A1AD96D1F001A26AF /* CopyFiles */ = {
			isa = PBXCopyFilesBuildPhase;
			buildActionMask = 2147483647;
			dstPath = /usr/share/man/man1/;
			dstSubfolderSpec = 0;
			files = (
			);
			runOnlyForDeploymentPostprocessing = 1;
		};
/* End PBXCopyFilesBuildPhase section */

/* Begin PBXFileReference section */
		A50B847C1AD96D1F001A26AF /* Mustache */ = {isa = PBXFileReference; explicitFileType = "compiled.mach-o.executable"; includeInIndex = 0; path = Mustache; sourceTree = BUILT_PRODUCTS_DIR; };
		A50B847F1AD96D1F001A26AF /* main.cpp */ = {isa = PBXFileReference; lastKnownFileType = sourcecode.cpp.cpp; path = main.cpp; sourceTree = "<group>"; };
/* End PBXFileReference section */

/* Begin PBXFrameworksBuildPhase section */
		A50B84791AD96D1F001A26AF /* Frameworks */ = {
			isa = PBXFrameworksBuildPhase;
			buildActionMask = 2147483647;
			files = (
			);
			runOnlyForDeploymentPostprocessing = 0;
		};
/* End PBXFrameworksBuildPhase section */

/* Begin PBXGroup section */
		A50B84731AD96D1F001A26AF = {
			isa = PBXGroup;
			children = (
				A50B847E1AD96D1F001A26AF /* Mustache */,
				A50B847D1AD96D1F001A26AF /* Products */,
			);
			sourceTree = "<group>";
		};
		A50B847D1AD96D1F001A26AF /* Products */ = {
			isa = PBXGroup;
			children = (
				A50B847C1AD96D1F001A26AF /* Mustache */,
			);
			name = Products;
			sourceTree = "<group>";
		};
		A50B847E1AD96D1F001A26AF /* Mustache */ = {
			isa = PBXGroup;
			children = (
				A50B847F1AD96D1F001A26AF /* main.cpp */,
			);
			path = Mustache;
			sourceTree = "<group>";
		};
/* End PBXGroup section */

/* Begin PBXNativeTarget section */
		A50B847B1AD96D1F001A26AF /* Mustache */ = {
			isa = PBXNativeTarget;
			buildConfigurationList = A50B84831AD96D1F001A26AF /* Build configuration list for PBXNativeTarget "Mustache" */;
			buildPhases = (
				A50B84781AD96D1F001A26AF /* Sources */,
				A50B84791AD96D1F001A26AF /* Frameworks */,
				A50B847A1AD96D1F001A26AF /* CopyFiles */,
			);
			buildRules = (
			);
			dependencies = (
			);
			name = Mustache;
			productName = Mustache;
			productReference = A50B847C1AD96D1F001A26AF /* Mustache */;
			productType = "com.apple.product-type.tool";
		};
/* End PBXNativeTarget section */

/* Begin PBXProject section */
		A50B84741AD96D1F001A26AF /* Project object */ = {
			isa = PBXProject;
			attributes = {
				LastUpgradeCheck = 0620;
				ORGANIZATIONNAME = "Kevin Wojniak";
				TargetAttributes = {
					A50B847B1AD96D1F001A26AF = {
						CreatedOnToolsVersion = 6.2;
					};
				};
			};
			buildConfigurationList = A50B84771AD96D1F001A26AF /* Build configuration list for PBXProject "Mustache" */;
			compatibilityVersion = "Xcode 3.2";
			developmentRegion = English;
			hasScannedForEncodings = 0;
			knownRegions = (
				en,
			);
			mainGroup = A50B84731AD96D1F001A26AF;
			productRefGroup = A50B847D1AD96D1F001A26AF /* Products */;
			projectDirPath = "";
			projectRoot = "";
			targets = (
				A50B847B1AD96D1F001A26AF /* Mustache */,
			);
		};
/* End PBXProject section */

/* Begin PBXSourcesBuildPhase section */
		A50B84781AD96D1F001A26AF /* Sources */ = {
			isa = PBXSourcesBuildPhase;
			buildActionMask = 2147483647;
			files = (
				A50B84801AD96D1F001A26AF /* main.cpp in Sources */,
			);
			runOnlyForDeploymentPostprocessing = 0;
		};
/* End PBXSourcesBuildPhase section */

/* Begin XCBuildConfiguration section */
		A50B84811AD96D1F001A26AF /* Debug */ = {
			isa = XCBuildConfiguration;
			buildSettings = {
				ALWAYS_SEARCH_USER_PATHS = NO;
				CLANG_CXX_LANGUAGE_STANDARD = "gnu++0x";
				CLANG_CXX_LIBRARY = "libc++";
				CLANG_ENABLE_MODULES = YES;
				CLANG_ENABLE_OBJC_ARC = YES;
				CLANG_WARN_BOOL_CONVERSION = YES;
				CLANG_WARN_CONSTANT_CONVERSION = YES;
				CLANG_WARN_DIRECT_OBJC_ISA_USAGE = YES_ERROR;
				CLANG_WARN_EMPTY_BODY = YES;
				CLANG_WARN_ENUM_CONVERSION = YES;
				CLANG_WARN_INT_CONVERSION = YES;
				CLANG_WARN_OBJC_ROOT_CLASS = YES_ERROR;
				CLANG_WARN_UNREACHABLE_CODE = YES;
				CLANG_WARN__DUPLICATE_METHOD_MATCH = YES;
				COPY_PHASE_STRIP = NO;
				ENABLE_STRICT_OBJC_MSGSEND = YES;
				GCC_C_LANGUAGE_STANDARD = gnu99;
				GCC_DYNAMIC_NO_PIC = NO;
				GCC_OPTIMIZATION_LEVEL = 0;
				GCC_PREPROCESSOR_DEFINITIONS = (
					"DEBUG=1",
					"$(inherited)",
				);
				GCC_SYMBOLS_PRIVATE_EXTERN = NO;
				GCC_WARN_64_TO_32_BIT_CONVERSION = YES;
				GCC_WARN_ABOUT_RETURN_TYPE = YES_ERROR;
				GCC_WARN_UNDECLARED_SELECTOR = YES;
				GCC_WARN_UNINITIALIZED_AUTOS = YES_AGGRESSIVE;
				GCC_WARN_UNUSED_FUNCTION = YES;
				GCC_WARN_UNUSED_VARIABLE = YES;
				MACOSX_DEPLOYMENT_TARGET = 10.10;
				MTL_ENABLE_DEBUG_INFO = YES;
				ONLY_ACTIVE_ARCH = YES;
				SDKROOT = macosx;
			};
			name = Debug;
		};
		A50B84821AD96D1F001A26AF /* Release */ = {
			isa = XCBuildConfiguration;
			buildSettings = {
				ALWAYS_SEARCH_USER_PATHS = NO;
				CLANG_CXX_LANGUAGE_STANDARD = "gnu++0x";
				CLANG_CXX_LIBRARY = "libc++";
				CLANG_ENABLE_MODULES = YES;
				CLANG_ENABLE_OBJC_ARC = YES;
				CLANG_WARN_BOOL_CONVERSION = YES;
				CLANG_WARN_CONSTANT_CONVERSION = YES;
				CLANG_WARN_DIRECT_OBJC_ISA_USAGE = YES_ERROR;
				CLANG_WARN_EMPTY_BODY = YES;
				CLANG_WARN_ENUM_CONVERSION = YES;
				CLANG_WARN_INT_CONVERSION = YES;
				CLANG_WARN_OBJC_ROOT_CLASS = YES_ERROR;
				CLANG_WARN_UNREACHABLE_CODE = YES;
				CLANG_WARN__DUPLICATE_METHOD_MATCH = YES;
				COPY_PHASE_STRIP = NO;
				DEBUG_INFORMATION_FORMAT = "dwarf-with-dsym";
				ENABLE_NS_ASSERTIONS = NO;
				ENABLE_STRICT_OBJC_MSGSEND = YES;
				GCC_C_LANGUAGE_STANDARD = gnu99;
				GCC_WARN_64_TO_32_BIT_CONVERSION = YES;
				GCC_WARN_ABOUT_RETURN_TYPE = YES_ERROR;
				GCC_WARN_UNDECLARED_SELECTOR = YES;
				GCC_WARN_UNINITIALIZED_AUTOS = YES_AGGRESSIVE;
				GCC_WARN_UNUSED_FUNCTION = YES;
				GCC_WARN_UNUSED_VARIABLE = YES;
				MACOSX_DEPLOYMENT_TARGET = 10.10;
				MTL_ENABLE_DEBUG_INFO = NO;
				SDKROOT = macosx;
			};
			name = Release;
		};
		A50B84841AD96D1F001A26AF /* Debug */ = {
			isa = XCBuildConfiguration;
			buildSettings = {
				GCC_TREAT_WARNINGS_AS_ERRORS = YES;
				OTHER_CPLUSPLUSFLAGS = (
					"-Wall",
					"-Wextra",
				);
				PRODUCT_NAME = "$(TARGET_NAME)";
			};
			name = Debug;
		};
		A50B84851AD96D1F001A26AF /* Release */ = {
			isa = XCBuildConfiguration;
			buildSettings = {
				GCC_TREAT_WARNINGS_AS_ERRORS = YES;
				OTHER_CPLUSPLUSFLAGS = (
					"-Wall",
					"-Wextra",
				);
				PRODUCT_NAME = "$(TARGET_NAME)";
			};
			name = Release;
		};
/* End XCBuildConfiguration section */

/* Begin XCConfigurationList section */
		A50B84771AD96D1F001A26AF /* Build configuration list for PBXProject "Mustache" */ = {
			isa = XCConfigurationList;
			buildConfigurations = (
				A50B84811AD96D1F001A26AF /* Debug */,
				A50B84821AD96D1F001A26AF /* Release */,
			);
			defaultConfigurationIsVisible = 0;
			defaultConfigurationName = Release;
		};
		A50B84831AD96D1F001A26AF /* Build configuration list for PBXNativeTarget "Mustache" */ = {
			isa = XCConfigurationList;
			buildConfigurations = (
				A50B84841AD96D1F001A26AF /* Debug */,
				A50B84851AD96D1F001A26AF /* Release */,
			);
			defaultConfigurationIsVisible = 0;
		};
/* End XCConfigurationList section */
	};
	rootObject = A50B84741AD96D1F001A26AF /* Project object */;
}
